// !$*UTF8*$!
{
	archiveVersion = 1;
	classes = {
	};
	objectVersion = 77;
	objects = {

/* Begin PBXBuildFile section */
		9B4698F62C93EF5A0033738A /* Studio in Frameworks */ = {isa = PBXBuildFile; productRef = 9B4698F52C93EF5A0033738A /* Studio */; };
		9BA1C84F2C93CD8100FE4D01 /* RealityKitContent in Frameworks */ = {isa = PBXBuildFile; productRef = 9BA1C84E2C93CD8100FE4D01 /* RealityKitContent */; };
/* End PBXBuildFile section */

/* Begin PBXContainerItemProxy section */
		9BA1C8652C93CD8200FE4D01 /* PBXContainerItemProxy */ = {
			isa = PBXContainerItemProxy;
			containerPortal = 9BA1C8412C93CD8100FE4D01 /* Project object */;
			proxyType = 1;
			remoteGlobalIDString = 9BA1C8482C93CD8100FE4D01;
			remoteInfo = FocusZone;
		};
/* End PBXContainerItemProxy section */

/* Begin PBXFileReference section */
		9B4698E72C93EBB30033738A /* Studio */ = {isa = PBXFileReference; lastKnownFileType = wrapper; path = Studio; sourceTree = "<group>"; };
		9BA1C8492C93CD8100FE4D01 /* FocusZone.app */ = {isa = PBXFileReference; explicitFileType = wrapper.application; includeInIndex = 0; path = FocusZone.app; sourceTree = BUILT_PRODUCTS_DIR; };
		9BA1C84D2C93CD8100FE4D01 /* RealityKitContent */ = {isa = PBXFileReference; lastKnownFileType = wrapper; path = RealityKitContent; sourceTree = "<group>"; };
		9BA1C8642C93CD8200FE4D01 /* FocusZoneTests.xctest */ = {isa = PBXFileReference; explicitFileType = wrapper.cfbundle; includeInIndex = 0; path = FocusZoneTests.xctest; sourceTree = BUILT_PRODUCTS_DIR; };
/* End PBXFileReference section */

/* Begin PBXFileSystemSynchronizedBuildFileExceptionSet section */
		9BA1C86A2C93CD8200FE4D01 /* Exceptions for "FocusZone" folder in "FocusZone" target */ = {
			isa = PBXFileSystemSynchronizedBuildFileExceptionSet;
			membershipExceptions = (
				Info.plist,
			);
			target = 9BA1C8482C93CD8100FE4D01 /* FocusZone */;
		};
/* End PBXFileSystemSynchronizedBuildFileExceptionSet section */

/* Begin PBXFileSystemSynchronizedRootGroup section */
		9BA1C84B2C93CD8100FE4D01 /* FocusZone */ = {
			isa = PBXFileSystemSynchronizedRootGroup;
			exceptions = (
				9BA1C86A2C93CD8200FE4D01 /* Exceptions for "FocusZone" folder in "FocusZone" target */,
			);
			path = FocusZone;
			sourceTree = "<group>";
		};
		9BA1C8672C93CD8200FE4D01 /* FocusZoneTests */ = {
			isa = PBXFileSystemSynchronizedRootGroup;
			path = FocusZoneTests;
			sourceTree = "<group>";
		};
/* End PBXFileSystemSynchronizedRootGroup section */

/* Begin PBXFrameworksBuildPhase section */
		9BA1C8462C93CD8100FE4D01 /* Frameworks */ = {
			isa = PBXFrameworksBuildPhase;
			buildActionMask = 2147483647;
			files = (
				9B4698F62C93EF5A0033738A /* Studio in Frameworks */,
				9BA1C84F2C93CD8100FE4D01 /* RealityKitContent in Frameworks */,
			);
			runOnlyForDeploymentPostprocessing = 0;
		};
		9BA1C8612C93CD8200FE4D01 /* Frameworks */ = {
			isa = PBXFrameworksBuildPhase;
			buildActionMask = 2147483647;
			files = (
			);
			runOnlyForDeploymentPostprocessing = 0;
		};
/* End PBXFrameworksBuildPhase section */

/* Begin PBXGroup section */
		9B4698F42C93EF5A0033738A /* Frameworks */ = {
			isa = PBXGroup;
			children = (
			);
			name = Frameworks;
			sourceTree = "<group>";
		};
		9BA1C8402C93CD8100FE4D01 = {
			isa = PBXGroup;
			children = (
				9BA1C84B2C93CD8100FE4D01 /* FocusZone */,
				9BA1C84C2C93CD8100FE4D01 /* Packages */,
				9BA1C8672C93CD8200FE4D01 /* FocusZoneTests */,
				9B4698F42C93EF5A0033738A /* Frameworks */,
				9BA1C84A2C93CD8100FE4D01 /* Products */,
			);
			sourceTree = "<group>";
		};
		9BA1C84A2C93CD8100FE4D01 /* Products */ = {
			isa = PBXGroup;
			children = (
				9BA1C8492C93CD8100FE4D01 /* FocusZone.app */,
				9BA1C8642C93CD8200FE4D01 /* FocusZoneTests.xctest */,
			);
			name = Products;
			sourceTree = "<group>";
		};
		9BA1C84C2C93CD8100FE4D01 /* Packages */ = {
			isa = PBXGroup;
			children = (
				9B4698E72C93EBB30033738A /* Studio */,
				9BA1C84D2C93CD8100FE4D01 /* RealityKitContent */,
			);
			path = Packages;
			sourceTree = "<group>";
		};
/* End PBXGroup section */

/* Begin PBXNativeTarget section */
		9BA1C8482C93CD8100FE4D01 /* FocusZone */ = {
			isa = PBXNativeTarget;
			buildConfigurationList = 9BA1C86B2C93CD8200FE4D01 /* Build configuration list for PBXNativeTarget "FocusZone" */;
			buildPhases = (
				9BA1C8452C93CD8100FE4D01 /* Sources */,
				9BA1C8462C93CD8100FE4D01 /* Frameworks */,
				9BA1C8472C93CD8100FE4D01 /* Resources */,
			);
			buildRules = (
			);
			dependencies = (
			);
			fileSystemSynchronizedGroups = (
				9BA1C84B2C93CD8100FE4D01 /* FocusZone */,
			);
			name = FocusZone;
			packageProductDependencies = (
				9BA1C84E2C93CD8100FE4D01 /* RealityKitContent */,
				9B4698F52C93EF5A0033738A /* Studio */,
			);
			productName = FocusZone;
			productReference = 9BA1C8492C93CD8100FE4D01 /* FocusZone.app */;
			productType = "com.apple.product-type.application";
		};
		9BA1C8632C93CD8200FE4D01 /* FocusZoneTests */ = {
			isa = PBXNativeTarget;
			buildConfigurationList = 9BA1C8702C93CD8200FE4D01 /* Build configuration list for PBXNativeTarget "FocusZoneTests" */;
			buildPhases = (
				9BA1C8602C93CD8200FE4D01 /* Sources */,
				9BA1C8612C93CD8200FE4D01 /* Frameworks */,
				9BA1C8622C93CD8200FE4D01 /* Resources */,
			);
			buildRules = (
			);
			dependencies = (
				9BA1C8662C93CD8200FE4D01 /* PBXTargetDependency */,
			);
			fileSystemSynchronizedGroups = (
				9BA1C8672C93CD8200FE4D01 /* FocusZoneTests */,
			);
			name = FocusZoneTests;
			packageProductDependencies = (
			);
			productName = FocusZoneTests;
			productReference = 9BA1C8642C93CD8200FE4D01 /* FocusZoneTests.xctest */;
			productType = "com.apple.product-type.bundle.unit-test";
		};
/* End PBXNativeTarget section */

/* Begin PBXProject section */
		9BA1C8412C93CD8100FE4D01 /* Project object */ = {
			isa = PBXProject;
			attributes = {
				BuildIndependentTargetsInParallel = 1;
				LastSwiftUpdateCheck = 1600;
				LastUpgradeCheck = 1600;
				TargetAttributes = {
					9BA1C8482C93CD8100FE4D01 = {
						CreatedOnToolsVersion = 16.0;
					};
					9BA1C8632C93CD8200FE4D01 = {
						CreatedOnToolsVersion = 16.0;
						TestTargetID = 9BA1C8482C93CD8100FE4D01;
					};
				};
			};
			buildConfigurationList = 9BA1C8442C93CD8100FE4D01 /* Build configuration list for PBXProject "FocusZone" */;
			developmentRegion = en;
			hasScannedForEncodings = 0;
			knownRegions = (
				en,
				Base,
			);
			mainGroup = 9BA1C8402C93CD8100FE4D01;
			minimizedProjectReferenceProxies = 1;
			preferredProjectObjectVersion = 77;
			productRefGroup = 9BA1C84A2C93CD8100FE4D01 /* Products */;
			projectDirPath = "";
			projectRoot = "";
			targets = (
				9BA1C8482C93CD8100FE4D01 /* FocusZone */,
				9BA1C8632C93CD8200FE4D01 /* FocusZoneTests */,
			);
		};
/* End PBXProject section */

/* Begin PBXResourcesBuildPhase section */
		9BA1C8472C93CD8100FE4D01 /* Resources */ = {
			isa = PBXResourcesBuildPhase;
			buildActionMask = 2147483647;
			files = (
			);
			runOnlyForDeploymentPostprocessing = 0;
		};
		9BA1C8622C93CD8200FE4D01 /* Resources */ = {
			isa = PBXResourcesBuildPhase;
			buildActionMask = 2147483647;
			files = (
			);
			runOnlyForDeploymentPostprocessing = 0;
		};
/* End PBXResourcesBuildPhase section */

/* Begin PBXSourcesBuildPhase section */
		9BA1C8452C93CD8100FE4D01 /* Sources */ = {
			isa = PBXSourcesBuildPhase;
			buildActionMask = 2147483647;
			files = (
			);
			runOnlyForDeploymentPostprocessing = 0;
		};
		9BA1C8602C93CD8200FE4D01 /* Sources */ = {
			isa = PBXSourcesBuildPhase;
			buildActionMask = 2147483647;
			files = (
			);
			runOnlyForDeploymentPostprocessing = 0;
		};
/* End PBXSourcesBuildPhase section */

/* Begin PBXTargetDependency section */
		9BA1C8662C93CD8200FE4D01 /* PBXTargetDependency */ = {
			isa = PBXTargetDependency;
			target = 9BA1C8482C93CD8100FE4D01 /* FocusZone */;
			targetProxy = 9BA1C8652C93CD8200FE4D01 /* PBXContainerItemProxy */;
		};
/* End PBXTargetDependency section */

/* Begin XCBuildConfiguration section */
		9BA1C86C2C93CD8200FE4D01 /* Debug */ = {
			isa = XCBuildConfiguration;
			buildSettings = {
				ASSETCATALOG_COMPILER_APPICON_NAME = AppIcon;
				ASSETCATALOG_COMPILER_GLOBAL_ACCENT_COLOR_NAME = AccentColor;
				CODE_SIGN_STYLE = Automatic;
				CURRENT_PROJECT_VERSION = 1;
				DEVELOPMENT_ASSET_PATHS = "\"FocusZone/Preview Content\"";
				DEVELOPMENT_TEAM = 3LZ2MREQLX;
				ENABLE_PREVIEWS = YES;
				GENERATE_INFOPLIST_FILE = YES;
				INFOPLIST_FILE = "$(TARGET_NAME)/Info.plist";
				LD_RUNPATH_SEARCH_PATHS = (
					"$(inherited)",
					"@executable_path/Frameworks",
				);
				MARKETING_VERSION = 1.0;
				PRODUCT_BUNDLE_IDENTIFIER = com.easonchang.FocusZone;
				PRODUCT_NAME = "$(TARGET_NAME)";
				SUPPORTED_PLATFORMS = "xros xrsimulator";
				SWIFT_EMIT_LOC_STRINGS = YES;
				SWIFT_VERSION = 5.0;
				TARGETED_DEVICE_FAMILY = 7;
			};
			name = Debug;
		};
		9BA1C86D2C93CD8200FE4D01 /* Release */ = {
			isa = XCBuildConfiguration;
			buildSettings = {
				ASSETCATALOG_COMPILER_APPICON_NAME = AppIcon;
				ASSETCATALOG_COMPILER_GLOBAL_ACCENT_COLOR_NAME = AccentColor;
				CODE_SIGN_STYLE = Automatic;
				CURRENT_PROJECT_VERSION = 1;
				DEVELOPMENT_ASSET_PATHS = "\"FocusZone/Preview Content\"";
				DEVELOPMENT_TEAM = 3LZ2MREQLX;
				ENABLE_PREVIEWS = YES;
				GENERATE_INFOPLIST_FILE = YES;
				INFOPLIST_FILE = "$(TARGET_NAME)/Info.plist";
				LD_RUNPATH_SEARCH_PATHS = (
					"$(inherited)",
					"@executable_path/Frameworks",
				);
				MARKETING_VERSION = 1.0;
				PRODUCT_BUNDLE_IDENTIFIER = com.easonchang.FocusZone;
				PRODUCT_NAME = "$(TARGET_NAME)";
				SUPPORTED_PLATFORMS = "xros xrsimulator";
				SWIFT_EMIT_LOC_STRINGS = YES;
				SWIFT_VERSION = 5.0;
				TARGETED_DEVICE_FAMILY = 7;
			};
			name = Release;
		};
		9BA1C86E2C93CD8200FE4D01 /* Debug */ = {
			isa = XCBuildConfiguration;
			buildSettings = {
				ALWAYS_SEARCH_USER_PATHS = NO;
				ASSETCATALOG_COMPILER_GENERATE_SWIFT_ASSET_SYMBOL_EXTENSIONS = YES;
				CLANG_ANALYZER_NONNULL = YES;
				CLANG_ANALYZER_NUMBER_OBJECT_CONVERSION = YES_AGGRESSIVE;
				CLANG_CXX_LANGUAGE_STANDARD = "gnu++20";
				CLANG_ENABLE_MODULES = YES;
				CLANG_ENABLE_OBJC_ARC = YES;
				CLANG_ENABLE_OBJC_WEAK = YES;
				CLANG_WARN_BLOCK_CAPTURE_AUTORELEASING = YES;
				CLANG_WARN_BOOL_CONVERSION = YES;
				CLANG_WARN_COMMA = YES;
				CLANG_WARN_CONSTANT_CONVERSION = YES;
				CLANG_WARN_DEPRECATED_OBJC_IMPLEMENTATIONS = YES;
				CLANG_WARN_DIRECT_OBJC_ISA_USAGE = YES_ERROR;
				CLANG_WARN_DOCUMENTATION_COMMENTS = YES;
				CLANG_WARN_EMPTY_BODY = YES;
				CLANG_WARN_ENUM_CONVERSION = YES;
				CLANG_WARN_INFINITE_RECURSION = YES;
				CLANG_WARN_INT_CONVERSION = YES;
				CLANG_WARN_NON_LITERAL_NULL_CONVERSION = YES;
				CLANG_WARN_OBJC_IMPLICIT_RETAIN_SELF = YES;
				CLANG_WARN_OBJC_LITERAL_CONVERSION = YES;
				CLANG_WARN_OBJC_ROOT_CLASS = YES_ERROR;
				CLANG_WARN_QUOTED_INCLUDE_IN_FRAMEWORK_HEADER = YES;
				CLANG_WARN_RANGE_LOOP_ANALYSIS = YES;
				CLANG_WARN_STRICT_PROTOTYPES = YES;
				CLANG_WARN_SUSPICIOUS_MOVE = YES;
				CLANG_WARN_UNGUARDED_AVAILABILITY = YES_AGGRESSIVE;
				CLANG_WARN_UNREACHABLE_CODE = YES;
				CLANG_WARN__DUPLICATE_METHOD_MATCH = YES;
				COPY_PHASE_STRIP = NO;
				DEBUG_INFORMATION_FORMAT = dwarf;
				ENABLE_STRICT_OBJC_MSGSEND = YES;
				ENABLE_TESTABILITY = YES;
				ENABLE_USER_SCRIPT_SANDBOXING = YES;
				GCC_C_LANGUAGE_STANDARD = gnu17;
				GCC_DYNAMIC_NO_PIC = NO;
				GCC_NO_COMMON_BLOCKS = YES;
				GCC_OPTIMIZATION_LEVEL = 0;
				GCC_PREPROCESSOR_DEFINITIONS = (
					"DEBUG=1",
					"$(inherited)",
				);
				GCC_WARN_64_TO_32_BIT_CONVERSION = YES;
				GCC_WARN_ABOUT_RETURN_TYPE = YES_ERROR;
				GCC_WARN_UNDECLARED_SELECTOR = YES;
				GCC_WARN_UNINITIALIZED_AUTOS = YES_AGGRESSIVE;
				GCC_WARN_UNUSED_FUNCTION = YES;
				GCC_WARN_UNUSED_VARIABLE = YES;
				LOCALIZATION_PREFERS_STRING_CATALOGS = YES;
				MTL_ENABLE_DEBUG_INFO = INCLUDE_SOURCE;
				MTL_FAST_MATH = YES;
				ONLY_ACTIVE_ARCH = YES;
				SDKROOT = xros;
				SWIFT_ACTIVE_COMPILATION_CONDITIONS = "DEBUG $(inherited)";
				SWIFT_OPTIMIZATION_LEVEL = "-Onone";
				XROS_DEPLOYMENT_TARGET = 2.0;
			};
			name = Debug;
		};
		9BA1C86F2C93CD8200FE4D01 /* Release */ = {
			isa = XCBuildConfiguration;
			buildSettings = {
				ALWAYS_SEARCH_USER_PATHS = NO;
				ASSETCATALOG_COMPILER_GENERATE_SWIFT_ASSET_SYMBOL_EXTENSIONS = YES;
				CLANG_ANALYZER_NONNULL = YES;
				CLANG_ANALYZER_NUMBER_OBJECT_CONVERSION = YES_AGGRESSIVE;
				CLANG_CXX_LANGUAGE_STANDARD = "gnu++20";
				CLANG_ENABLE_MODULES = YES;
				CLANG_ENABLE_OBJC_ARC = YES;
				CLANG_ENABLE_OBJC_WEAK = YES;
				CLANG_WARN_BLOCK_CAPTURE_AUTORELEASING = YES;
				CLANG_WARN_BOOL_CONVERSION = YES;
				CLANG_WARN_COMMA = YES;
				CLANG_WARN_CONSTANT_CONVERSION = YES;
				CLANG_WARN_DEPRECATED_OBJC_IMPLEMENTATIONS = YES;
				CLANG_WARN_DIRECT_OBJC_ISA_USAGE = YES_ERROR;
				CLANG_WARN_DOCUMENTATION_COMMENTS = YES;
				CLANG_WARN_EMPTY_BODY = YES;
				CLANG_WARN_ENUM_CONVERSION = YES;
				CLANG_WARN_INFINITE_RECURSION = YES;
				CLANG_WARN_INT_CONVERSION = YES;
				CLANG_WARN_NON_LITERAL_NULL_CONVERSION = YES;
				CLANG_WARN_OBJC_IMPLICIT_RETAIN_SELF = YES;
				CLANG_WARN_OBJC_LITERAL_CONVERSION = YES;
				CLANG_WARN_OBJC_ROOT_CLASS = YES_ERROR;
				CLANG_WARN_QUOTED_INCLUDE_IN_FRAMEWORK_HEADER = YES;
				CLANG_WARN_RANGE_LOOP_ANALYSIS = YES;
				CLANG_WARN_STRICT_PROTOTYPES = YES;
				CLANG_WARN_SUSPICIOUS_MOVE = YES;
				CLANG_WARN_UNGUARDED_AVAILABILITY = YES_AGGRESSIVE;
				CLANG_WARN_UNREACHABLE_CODE = YES;
				CLANG_WARN__DUPLICATE_METHOD_MATCH = YES;
				COPY_PHASE_STRIP = NO;
				DEBUG_INFORMATION_FORMAT = "dwarf-with-dsym";
				ENABLE_NS_ASSERTIONS = NO;
				ENABLE_STRICT_OBJC_MSGSEND = YES;
				ENABLE_USER_SCRIPT_SANDBOXING = YES;
				GCC_C_LANGUAGE_STANDARD = gnu17;
				GCC_NO_COMMON_BLOCKS = YES;
				GCC_WARN_64_TO_32_BIT_CONVERSION = YES;
				GCC_WARN_ABOUT_RETURN_TYPE = YES_ERROR;
				GCC_WARN_UNDECLARED_SELECTOR = YES;
				GCC_WARN_UNINITIALIZED_AUTOS = YES_AGGRESSIVE;
				GCC_WARN_UNUSED_FUNCTION = YES;
				GCC_WARN_UNUSED_VARIABLE = YES;
				LOCALIZATION_PREFERS_STRING_CATALOGS = YES;
				MTL_ENABLE_DEBUG_INFO = NO;
				MTL_FAST_MATH = YES;
				SDKROOT = xros;
				SWIFT_COMPILATION_MODE = wholemodule;
				VALIDATE_PRODUCT = YES;
				XROS_DEPLOYMENT_TARGET = 2.0;
			};
			name = Release;
		};
		9BA1C8712C93CD8200FE4D01 /* Debug */ = {
			isa = XCBuildConfiguration;
			buildSettings = {
				BUNDLE_LOADER = "$(TEST_HOST)";
				CODE_SIGN_STYLE = Automatic;
				CURRENT_PROJECT_VERSION = 1;
				DEVELOPMENT_TEAM = 3LZ2MREQLX;
				GENERATE_INFOPLIST_FILE = YES;
				MARKETING_VERSION = 1.0;
				PRODUCT_BUNDLE_IDENTIFIER = com.easonchang.FocusZoneTests;
				PRODUCT_NAME = "$(TARGET_NAME)";
				SUPPORTED_PLATFORMS = "xros xrsimulator";
				SWIFT_EMIT_LOC_STRINGS = NO;
				SWIFT_VERSION = 5.0;
				TARGETED_DEVICE_FAMILY = 7;
				TEST_HOST = "$(BUILT_PRODUCTS_DIR)/FocusZone.app/$(BUNDLE_EXECUTABLE_FOLDER_PATH)/FocusZone";
				XROS_DEPLOYMENT_TARGET = 2.0;
			};
			name = Debug;
		};
		9BA1C8722C93CD8200FE4D01 /* Release */ = {
			isa = XCBuildConfiguration;
			buildSettings = {
				BUNDLE_LOADER = "$(TEST_HOST)";
				CODE_SIGN_STYLE = Automatic;
				CURRENT_PROJECT_VERSION = 1;
				DEVELOPMENT_TEAM = 3LZ2MREQLX;
				GENERATE_INFOPLIST_FILE = YES;
				MARKETING_VERSION = 1.0;
				PRODUCT_BUNDLE_IDENTIFIER = com.easonchang.FocusZoneTests;
				PRODUCT_NAME = "$(TARGET_NAME)";
				SUPPORTED_PLATFORMS = "xros xrsimulator";
				SWIFT_EMIT_LOC_STRINGS = NO;
				SWIFT_VERSION = 5.0;
				TARGETED_DEVICE_FAMILY = 7;
				TEST_HOST = "$(BUILT_PRODUCTS_DIR)/FocusZone.app/$(BUNDLE_EXECUTABLE_FOLDER_PATH)/FocusZone";
				XROS_DEPLOYMENT_TARGET = 2.0;
			};
			name = Release;
		};
/* End XCBuildConfiguration section */

/* Begin XCConfigurationList section */
		9BA1C8442C93CD8100FE4D01 /* Build configuration list for PBXProject "FocusZone" */ = {
			isa = XCConfigurationList;
			buildConfigurations = (
				9BA1C86E2C93CD8200FE4D01 /* Debug */,
				9BA1C86F2C93CD8200FE4D01 /* Release */,
			);
			defaultConfigurationIsVisible = 0;
			defaultConfigurationName = Release;
		};
		9BA1C86B2C93CD8200FE4D01 /* Build configuration list for PBXNativeTarget "FocusZone" */ = {
			isa = XCConfigurationList;
			buildConfigurations = (
				9BA1C86C2C93CD8200FE4D01 /* Debug */,
				9BA1C86D2C93CD8200FE4D01 /* Release */,
			);
			defaultConfigurationIsVisible = 0;
			defaultConfigurationName = Release;
		};
		9BA1C8702C93CD8200FE4D01 /* Build configuration list for PBXNativeTarget "FocusZoneTests" */ = {
			isa = XCConfigurationList;
			buildConfigurations = (
				9BA1C8712C93CD8200FE4D01 /* Debug */,
				9BA1C8722C93CD8200FE4D01 /* Release */,
			);
			defaultConfigurationIsVisible = 0;
			defaultConfigurationName = Release;
		};
/* End XCConfigurationList section */

/* Begin XCSwiftPackageProductDependency section */
		9B4698F52C93EF5A0033738A /* Studio */ = {
			isa = XCSwiftPackageProductDependency;
			productName = Studio;
		};
		9BA1C84E2C93CD8100FE4D01 /* RealityKitContent */ = {
			isa = XCSwiftPackageProductDependency;
			productName = RealityKitContent;
		};
/* End XCSwiftPackageProductDependency section */
	};
	rootObject = 9BA1C8412C93CD8100FE4D01 /* Project object */;
}
